// !$*UTF8*$!
{
	archiveVersion = 1;
	classes = {
	};
	objectVersion = 55;
	objects = {

/* Begin PBXBuildFile section */
		5C1C592628C997DD00C6E449 /* LoginViewModel.swift in Sources */ = {isa = PBXBuildFile; fileRef = 5C1C592528C997DD00C6E449 /* LoginViewModel.swift */; };
		5C2D8AF228C9072F001D0058 /* AppDelegate.swift in Sources */ = {isa = PBXBuildFile; fileRef = 5C2D8AF128C9072F001D0058 /* AppDelegate.swift */; };
		5C2D8AF428C9072F001D0058 /* SceneDelegate.swift in Sources */ = {isa = PBXBuildFile; fileRef = 5C2D8AF328C9072F001D0058 /* SceneDelegate.swift */; };
		5C2D8AF628C9072F001D0058 /* LoginViewController.swift in Sources */ = {isa = PBXBuildFile; fileRef = 5C2D8AF528C9072F001D0058 /* LoginViewController.swift */; };
		5C2D8AF928C9072F001D0058 /* Main.storyboard in Resources */ = {isa = PBXBuildFile; fileRef = 5C2D8AF728C9072F001D0058 /* Main.storyboard */; };
		5C2D8AFB28C90731001D0058 /* Assets.xcassets in Resources */ = {isa = PBXBuildFile; fileRef = 5C2D8AFA28C90731001D0058 /* Assets.xcassets */; };
		5C2D8AFE28C90731001D0058 /* LaunchScreen.storyboard in Resources */ = {isa = PBXBuildFile; fileRef = 5C2D8AFC28C90731001D0058 /* LaunchScreen.storyboard */; };
		5C2D8B0628C909A8001D0058 /* UserInfoViewController.swift in Sources */ = {isa = PBXBuildFile; fileRef = 5C2D8B0528C909A8001D0058 /* UserInfoViewController.swift */; };
		5C2D8B0828C90ADF001D0058 /* UserInfoModel.swift in Sources */ = {isa = PBXBuildFile; fileRef = 5C2D8B0728C90ADF001D0058 /* UserInfoModel.swift */; };
/* End PBXBuildFile section */

/* Begin PBXFileReference section */
		5C1C592528C997DD00C6E449 /* LoginViewModel.swift */ = {isa = PBXFileReference; lastKnownFileType = sourcecode.swift; path = LoginViewModel.swift; sourceTree = "<group>"; };
		5C2D8AEE28C9072F001D0058 /* assignment_0.app */ = {isa = PBXFileReference; explicitFileType = wrapper.application; includeInIndex = 0; path = assignment_0.app; sourceTree = BUILT_PRODUCTS_DIR; };
		5C2D8AF128C9072F001D0058 /* AppDelegate.swift */ = {isa = PBXFileReference; lastKnownFileType = sourcecode.swift; path = AppDelegate.swift; sourceTree = "<group>"; };
		5C2D8AF328C9072F001D0058 /* SceneDelegate.swift */ = {isa = PBXFileReference; lastKnownFileType = sourcecode.swift; path = SceneDelegate.swift; sourceTree = "<group>"; };
		5C2D8AF528C9072F001D0058 /* LoginViewController.swift */ = {isa = PBXFileReference; lastKnownFileType = sourcecode.swift; path = LoginViewController.swift; sourceTree = "<group>"; };
		5C2D8AF828C9072F001D0058 /* Base */ = {isa = PBXFileReference; lastKnownFileType = file.storyboard; name = Base; path = Base.lproj/Main.storyboard; sourceTree = "<group>"; };
		5C2D8AFA28C90731001D0058 /* Assets.xcassets */ = {isa = PBXFileReference; lastKnownFileType = folder.assetcatalog; path = Assets.xcassets; sourceTree = "<group>"; };
		5C2D8AFD28C90731001D0058 /* Base */ = {isa = PBXFileReference; lastKnownFileType = file.storyboard; name = Base; path = Base.lproj/LaunchScreen.storyboard; sourceTree = "<group>"; };
		5C2D8AFF28C90731001D0058 /* Info.plist */ = {isa = PBXFileReference; lastKnownFileType = text.plist.xml; path = Info.plist; sourceTree = "<group>"; };
		5C2D8B0528C909A8001D0058 /* UserInfoViewController.swift */ = {isa = PBXFileReference; lastKnownFileType = sourcecode.swift; path = UserInfoViewController.swift; sourceTree = "<group>"; };
		5C2D8B0728C90ADF001D0058 /* UserInfoModel.swift */ = {isa = PBXFileReference; lastKnownFileType = sourcecode.swift; path = UserInfoModel.swift; sourceTree = "<group>"; };
/* End PBXFileReference section */

/* Begin PBXFrameworksBuildPhase section */
		5C2D8AEB28C9072F001D0058 /* Frameworks */ = {
			isa = PBXFrameworksBuildPhase;
			buildActionMask = 2147483647;
			files = (
			);
			runOnlyForDeploymentPostprocessing = 0;
		};
/* End PBXFrameworksBuildPhase section */

/* Begin PBXGroup section */
		5C1C592728CA414900C6E449 /* ViewModel */ = {
			isa = PBXGroup;
			children = (
				5C1C592528C997DD00C6E449 /* LoginViewModel.swift */,
			);
			path = ViewModel;
			sourceTree = "<group>";
		};
		5C1C592928CA419100C6E449 /* View */ = {
			isa = PBXGroup;
			children = (
				5C2D8AF528C9072F001D0058 /* LoginViewController.swift */,
				5C2D8B0528C909A8001D0058 /* UserInfoViewController.swift */,
			);
			path = View;
			sourceTree = "<group>";
		};
		5C1C592A28CA41A100C6E449 /* Model */ = {
			isa = PBXGroup;
			children = (
				5C2D8B0728C90ADF001D0058 /* UserInfoModel.swift */,
			);
			path = Model;
			sourceTree = "<group>";
		};
		5C2D8AE528C9072F001D0058 = {
			isa = PBXGroup;
			children = (
				5C2D8AF028C9072F001D0058 /* seminar-0-assignment */,
				5C2D8AEF28C9072F001D0058 /* Products */,
			);
			sourceTree = "<group>";
		};
		5C2D8AEF28C9072F001D0058 /* Products */ = {
			isa = PBXGroup;
			children = (
				5C2D8AEE28C9072F001D0058 /* assignment_0.app */,
			);
			name = Products;
			sourceTree = "<group>";
		};
		5C2D8AF028C9072F001D0058 /* seminar-0-assignment */ = {
			isa = PBXGroup;
			children = (
				5C2D8AF128C9072F001D0058 /* AppDelegate.swift */,
				5C2D8AF328C9072F001D0058 /* SceneDelegate.swift */,
				5C2D8AF728C9072F001D0058 /* Main.storyboard */,
				5C1C592A28CA41A100C6E449 /* Model */,
				5C1C592928CA419100C6E449 /* View */,
				5C1C592728CA414900C6E449 /* ViewModel */,
				5C2D8AFA28C90731001D0058 /* Assets.xcassets */,
				5C2D8AFC28C90731001D0058 /* LaunchScreen.storyboard */,
				5C2D8AFF28C90731001D0058 /* Info.plist */,
			);
			path = "seminar-0-assignment";
			sourceTree = "<group>";
		};
/* End PBXGroup section */

/* Begin PBXNativeTarget section */
		5C2D8AED28C9072F001D0058 /* assignment_0 */ = {
			isa = PBXNativeTarget;
			buildConfigurationList = 5C2D8B0228C90731001D0058 /* Build configuration list for PBXNativeTarget "assignment_0" */;
			buildPhases = (
				5C2D8AEA28C9072F001D0058 /* Sources */,
				5C2D8AEB28C9072F001D0058 /* Frameworks */,
				5C2D8AEC28C9072F001D0058 /* Resources */,
			);
			buildRules = (
			);
			dependencies = (
			);
			name = assignment_0;
			productName = assignment_0;
			productReference = 5C2D8AEE28C9072F001D0058 /* assignment_0.app */;
			productType = "com.apple.product-type.application";
		};
/* End PBXNativeTarget section */

/* Begin PBXProject section */
		5C2D8AE628C9072F001D0058 /* Project object */ = {
			isa = PBXProject;
			attributes = {
				BuildIndependentTargetsInParallel = 1;
				LastSwiftUpdateCheck = 1340;
				LastUpgradeCheck = 1340;
				TargetAttributes = {
					5C2D8AED28C9072F001D0058 = {
						CreatedOnToolsVersion = 13.4.1;
					};
				};
			};
			buildConfigurationList = 5C2D8AE928C9072F001D0058 /* Build configuration list for PBXProject "seminar-0-assignment" */;
			compatibilityVersion = "Xcode 13.0";
			developmentRegion = en;
			hasScannedForEncodings = 0;
			knownRegions = (
				en,
				Base,
			);
			mainGroup = 5C2D8AE528C9072F001D0058;
			productRefGroup = 5C2D8AEF28C9072F001D0058 /* Products */;
			projectDirPath = "";
			projectRoot = "";
			targets = (
				5C2D8AED28C9072F001D0058 /* assignment_0 */,
			);
		};
/* End PBXProject section */

/* Begin PBXResourcesBuildPhase section */
		5C2D8AEC28C9072F001D0058 /* Resources */ = {
			isa = PBXResourcesBuildPhase;
			buildActionMask = 2147483647;
			files = (
				5C2D8AFE28C90731001D0058 /* LaunchScreen.storyboard in Resources */,
				5C2D8AFB28C90731001D0058 /* Assets.xcassets in Resources */,
				5C2D8AF928C9072F001D0058 /* Main.storyboard in Resources */,
			);
			runOnlyForDeploymentPostprocessing = 0;
		};
/* End PBXResourcesBuildPhase section */

/* Begin PBXSourcesBuildPhase section */
		5C2D8AEA28C9072F001D0058 /* Sources */ = {
			isa = PBXSourcesBuildPhase;
			buildActionMask = 2147483647;
			files = (
				5C2D8AF628C9072F001D0058 /* LoginViewController.swift in Sources */,
				5C2D8B0628C909A8001D0058 /* UserInfoViewController.swift in Sources */,
				5C1C592628C997DD00C6E449 /* LoginViewModel.swift in Sources */,
				5C2D8AF228C9072F001D0058 /* AppDelegate.swift in Sources */,
				5C2D8AF428C9072F001D0058 /* SceneDelegate.swift in Sources */,
				5C2D8B0828C90ADF001D0058 /* UserInfoModel.swift in Sources */,
			);
			runOnlyForDeploymentPostprocessing = 0;
		};
/* End PBXSourcesBuildPhase section */

/* Begin PBXVariantGroup section */
		5C2D8AF728C9072F001D0058 /* Main.storyboard */ = {
			isa = PBXVariantGroup;
			children = (
				5C2D8AF828C9072F001D0058 /* Base */,
			);
			name = Main.storyboard;
			sourceTree = "<group>";
		};
		5C2D8AFC28C90731001D0058 /* LaunchScreen.storyboard */ = {
			isa = PBXVariantGroup;
			children = (
				5C2D8AFD28C90731001D0058 /* Base */,
			);
			name = LaunchScreen.storyboard;
			sourceTree = "<group>";
		};
/* End PBXVariantGroup section */

/* Begin XCBuildConfiguration section */
		5C2D8B0028C90731001D0058 /* Debug */ = {
			isa = XCBuildConfiguration;
			buildSettings = {
				ALWAYS_SEARCH_USER_PATHS = NO;
				CLANG_ANALYZER_NONNULL = YES;
				CLANG_ANALYZER_NUMBER_OBJECT_CONVERSION = YES_AGGRESSIVE;
				CLANG_CXX_LANGUAGE_STANDARD = "gnu++17";
				CLANG_ENABLE_MODULES = YES;
				CLANG_ENABLE_OBJC_ARC = YES;
				CLANG_ENABLE_OBJC_WEAK = YES;
				CLANG_WARN_BLOCK_CAPTURE_AUTORELEASING = YES;
				CLANG_WARN_BOOL_CONVERSION = YES;
				CLANG_WARN_COMMA = YES;
				CLANG_WARN_CONSTANT_CONVERSION = YES;
				CLANG_WARN_DEPRECATED_OBJC_IMPLEMENTATIONS = YES;
				CLANG_WARN_DIRECT_OBJC_ISA_USAGE = YES_ERROR;
				CLANG_WARN_DOCUMENTATION_COMMENTS = YES;
				CLANG_WARN_EMPTY_BODY = YES;
				CLANG_WARN_ENUM_CONVERSION = YES;
				CLANG_WARN_INFINITE_RECURSION = YES;
				CLANG_WARN_INT_CONVERSION = YES;
				CLANG_WARN_NON_LITERAL_NULL_CONVERSION = YES;
				CLANG_WARN_OBJC_IMPLICIT_RETAIN_SELF = YES;
				CLANG_WARN_OBJC_LITERAL_CONVERSION = YES;
				CLANG_WARN_OBJC_ROOT_CLASS = YES_ERROR;
				CLANG_WARN_QUOTED_INCLUDE_IN_FRAMEWORK_HEADER = YES;
				CLANG_WARN_RANGE_LOOP_ANALYSIS = YES;
				CLANG_WARN_STRICT_PROTOTYPES = YES;
				CLANG_WARN_SUSPICIOUS_MOVE = YES;
				CLANG_WARN_UNGUARDED_AVAILABILITY = YES_AGGRESSIVE;
				CLANG_WARN_UNREACHABLE_CODE = YES;
				CLANG_WARN__DUPLICATE_METHOD_MATCH = YES;
				COPY_PHASE_STRIP = NO;
				DEBUG_INFORMATION_FORMAT = dwarf;
				ENABLE_STRICT_OBJC_MSGSEND = YES;
				ENABLE_TESTABILITY = YES;
				GCC_C_LANGUAGE_STANDARD = gnu11;
				GCC_DYNAMIC_NO_PIC = NO;
				GCC_NO_COMMON_BLOCKS = YES;
				GCC_OPTIMIZATION_LEVEL = 0;
				GCC_PREPROCESSOR_DEFINITIONS = (
					"DEBUG=1",
					"$(inherited)",
				);
				GCC_WARN_64_TO_32_BIT_CONVERSION = YES;
				GCC_WARN_ABOUT_RETURN_TYPE = YES_ERROR;
				GCC_WARN_UNDECLARED_SELECTOR = YES;
				GCC_WARN_UNINITIALIZED_AUTOS = YES_AGGRESSIVE;
				GCC_WARN_UNUSED_FUNCTION = YES;
				GCC_WARN_UNUSED_VARIABLE = YES;
				IPHONEOS_DEPLOYMENT_TARGET = 15.5;
				MTL_ENABLE_DEBUG_INFO = INCLUDE_SOURCE;
				MTL_FAST_MATH = YES;
				ONLY_ACTIVE_ARCH = YES;
				SDKROOT = iphoneos;
				SWIFT_ACTIVE_COMPILATION_CONDITIONS = DEBUG;
				SWIFT_OPTIMIZATION_LEVEL = "-Onone";
			};
			name = Debug;
		};
		5C2D8B0128C90731001D0058 /* Release */ = {
			isa = XCBuildConfiguration;
			buildSettings = {
				ALWAYS_SEARCH_USER_PATHS = NO;
				CLANG_ANALYZER_NONNULL = YES;
				CLANG_ANALYZER_NUMBER_OBJECT_CONVERSION = YES_AGGRESSIVE;
				CLANG_CXX_LANGUAGE_STANDARD = "gnu++17";
				CLANG_ENABLE_MODULES = YES;
				CLANG_ENABLE_OBJC_ARC = YES;
				CLANG_ENABLE_OBJC_WEAK = YES;
				CLANG_WARN_BLOCK_CAPTURE_AUTORELEASING = YES;
				CLANG_WARN_BOOL_CONVERSION = YES;
				CLANG_WARN_COMMA = YES;
				CLANG_WARN_CONSTANT_CONVERSION = YES;
				CLANG_WARN_DEPRECATED_OBJC_IMPLEMENTATIONS = YES;
				CLANG_WARN_DIRECT_OBJC_ISA_USAGE = YES_ERROR;
				CLANG_WARN_DOCUMENTATION_COMMENTS = YES;
				CLANG_WARN_EMPTY_BODY = YES;
				CLANG_WARN_ENUM_CONVERSION = YES;
				CLANG_WARN_INFINITE_RECURSION = YES;
				CLANG_WARN_INT_CONVERSION = YES;
				CLANG_WARN_NON_LITERAL_NULL_CONVERSION = YES;
				CLANG_WARN_OBJC_IMPLICIT_RETAIN_SELF = YES;
				CLANG_WARN_OBJC_LITERAL_CONVERSION = YES;
				CLANG_WARN_OBJC_ROOT_CLASS = YES_ERROR;
				CLANG_WARN_QUOTED_INCLUDE_IN_FRAMEWORK_HEADER = YES;
				CLANG_WARN_RANGE_LOOP_ANALYSIS = YES;
				CLANG_WARN_STRICT_PROTOTYPES = YES;
				CLANG_WARN_SUSPICIOUS_MOVE = YES;
				CLANG_WARN_UNGUARDED_AVAILABILITY = YES_AGGRESSIVE;
				CLANG_WARN_UNREACHABLE_CODE = YES;
				CLANG_WARN__DUPLICATE_METHOD_MATCH = YES;
				COPY_PHASE_STRIP = NO;
				DEBUG_INFORMATION_FORMAT = "dwarf-with-dsym";
				ENABLE_NS_ASSERTIONS = NO;
				ENABLE_STRICT_OBJC_MSGSEND = YES;
				GCC_C_LANGUAGE_STANDARD = gnu11;
				GCC_NO_COMMON_BLOCKS = YES;
				GCC_WARN_64_TO_32_BIT_CONVERSION = YES;
				GCC_WARN_ABOUT_RETURN_TYPE = YES_ERROR;
				GCC_WARN_UNDECLARED_SELECTOR = YES;
				GCC_WARN_UNINITIALIZED_AUTOS = YES_AGGRESSIVE;
				GCC_WARN_UNUSED_FUNCTION = YES;
				GCC_WARN_UNUSED_VARIABLE = YES;
				IPHONEOS_DEPLOYMENT_TARGET = 15.5;
				MTL_ENABLE_DEBUG_INFO = NO;
				MTL_FAST_MATH = YES;
				SDKROOT = iphoneos;
				SWIFT_COMPILATION_MODE = wholemodule;
				SWIFT_OPTIMIZATION_LEVEL = "-O";
				VALIDATE_PRODUCT = YES;
			};
			name = Release;
		};
		5C2D8B0328C90731001D0058 /* Debug */ = {
			isa = XCBuildConfiguration;
			buildSettings = {
				ASSETCATALOG_COMPILER_APPICON_NAME = AppIcon;
				ASSETCATALOG_COMPILER_GLOBAL_ACCENT_COLOR_NAME = AccentColor;
				CODE_SIGN_STYLE = Automatic;
				CURRENT_PROJECT_VERSION = 1;
				DEVELOPMENT_TEAM = QTGVHKHLYT;
				GENERATE_INFOPLIST_FILE = YES;
				INFOPLIST_FILE = "seminar-0-assignment/Info.plist";
				INFOPLIST_KEY_CFBundleDisplayName = "seminar-0-assignment";
				INFOPLIST_KEY_UIApplicationSupportsIndirectInputEvents = YES;
				INFOPLIST_KEY_UILaunchStoryboardName = LaunchScreen;
				INFOPLIST_KEY_UISupportedInterfaceOrientations_iPad = "UIInterfaceOrientationPortrait UIInterfaceOrientationPortraitUpsideDown UIInterfaceOrientationLandscapeLeft UIInterfaceOrientationLandscapeRight";
				INFOPLIST_KEY_UISupportedInterfaceOrientations_iPhone = "UIInterfaceOrientationPortrait UIInterfaceOrientationLandscapeLeft UIInterfaceOrientationLandscapeRight";
				LD_RUNPATH_SEARCH_PATHS = (
					"$(inherited)",
					"@executable_path/Frameworks",
				);
				MARKETING_VERSION = 1.0;
				PRODUCT_BUNDLE_IDENTIFIER = "csh.assignment-0";
				PRODUCT_NAME = "$(TARGET_NAME)";
				SWIFT_EMIT_LOC_STRINGS = YES;
				SWIFT_VERSION = 5.0;
				TARGETED_DEVICE_FAMILY = "1,2";
			};
			name = Debug;
		};
		5C2D8B0428C90731001D0058 /* Release */ = {
			isa = XCBuildConfiguration;
			buildSettings = {
				ASSETCATALOG_COMPILER_APPICON_NAME = AppIcon;
				ASSETCATALOG_COMPILER_GLOBAL_ACCENT_COLOR_NAME = AccentColor;
				CODE_SIGN_STYLE = Automatic;
				CURRENT_PROJECT_VERSION = 1;
				DEVELOPMENT_TEAM = QTGVHKHLYT;
				GENERATE_INFOPLIST_FILE = YES;
				INFOPLIST_FILE = "seminar-0-assignment/Info.plist";
				INFOPLIST_KEY_CFBundleDisplayName = "seminar-0-assignment";
				INFOPLIST_KEY_UIApplicationSupportsIndirectInputEvents = YES;
				INFOPLIST_KEY_UILaunchStoryboardName = LaunchScreen;
				INFOPLIST_KEY_UISupportedInterfaceOrientations_iPad = "UIInterfaceOrientationPortrait UIInterfaceOrientationPortraitUpsideDown UIInterfaceOrientationLandscapeLeft UIInterfaceOrientationLandscapeRight";
				INFOPLIST_KEY_UISupportedInterfaceOrientations_iPhone = "UIInterfaceOrientationPortrait UIInterfaceOrientationLandscapeLeft UIInterfaceOrientationLandscapeRight";
				LD_RUNPATH_SEARCH_PATHS = (
					"$(inherited)",
					"@executable_path/Frameworks",
				);
				MARKETING_VERSION = 1.0;
				PRODUCT_BUNDLE_IDENTIFIER = "csh.assignment-0";
				PRODUCT_NAME = "$(TARGET_NAME)";
				SWIFT_EMIT_LOC_STRINGS = YES;
				SWIFT_VERSION = 5.0;
				TARGETED_DEVICE_FAMILY = "1,2";
			};
			name = Release;
		};
/* End XCBuildConfiguration section */

/* Begin XCConfigurationList section */
		5C2D8AE928C9072F001D0058 /* Build configuration list for PBXProject "seminar-0-assignment" */ = {
			isa = XCConfigurationList;
			buildConfigurations = (
				5C2D8B0028C90731001D0058 /* Debug */,
				5C2D8B0128C90731001D0058 /* Release */,
			);
			defaultConfigurationIsVisible = 0;
			defaultConfigurationName = Release;
		};
		5C2D8B0228C90731001D0058 /* Build configuration list for PBXNativeTarget "assignment_0" */ = {
			isa = XCConfigurationList;
			buildConfigurations = (
				5C2D8B0328C90731001D0058 /* Debug */,
				5C2D8B0428C90731001D0058 /* Release */,
			);
			defaultConfigurationIsVisible = 0;
			defaultConfigurationName = Release;
		};
/* End XCConfigurationList section */
	};
	rootObject = 5C2D8AE628C9072F001D0058 /* Project object */;
}
