// !$*UTF8*$!
{
	archiveVersion = 1;
	classes = {
	};
	objectVersion = 55;
	objects = {

/* Begin PBXBuildFile section */
		5CB3EDDA28E096BC000D4E79 /* ListViewController.swift in Sources */ = {isa = PBXBuildFile; fileRef = 5CB3EDD828E096BC000D4E79 /* ListViewController.swift */; };
		5CB3EDDB28E096BC000D4E79 /* AddNewTaskViewController.swift in Sources */ = {isa = PBXBuildFile; fileRef = 5CB3EDD928E096BC000D4E79 /* AddNewTaskViewController.swift */; };
		5CB3EDDD28E096C9000D4E79 /* TaskModel.swift in Sources */ = {isa = PBXBuildFile; fileRef = 5CB3EDDC28E096C9000D4E79 /* TaskModel.swift */; };
		5CB3EDDF28E096D3000D4E79 /* TodoListViewModel.swift in Sources */ = {isa = PBXBuildFile; fileRef = 5CB3EDDE28E096D3000D4E79 /* TodoListViewModel.swift */; };
		5CF699B228D773A600A21D80 /* AppDelegate.swift in Sources */ = {isa = PBXBuildFile; fileRef = 5CF699B128D773A600A21D80 /* AppDelegate.swift */; };
		5CF699B428D773A600A21D80 /* SceneDelegate.swift in Sources */ = {isa = PBXBuildFile; fileRef = 5CF699B328D773A600A21D80 /* SceneDelegate.swift */; };
		5CF699B928D773A600A21D80 /* Main.storyboard in Resources */ = {isa = PBXBuildFile; fileRef = 5CF699B728D773A600A21D80 /* Main.storyboard */; };
		5CF699BB28D773A800A21D80 /* Assets.xcassets in Resources */ = {isa = PBXBuildFile; fileRef = 5CF699BA28D773A800A21D80 /* Assets.xcassets */; };
		5CF699BE28D773A800A21D80 /* LaunchScreen.storyboard in Resources */ = {isa = PBXBuildFile; fileRef = 5CF699BC28D773A800A21D80 /* LaunchScreen.storyboard */; };
		5CF699CE28D7743800A21D80 /* TaskCell.swift in Sources */ = {isa = PBXBuildFile; fileRef = 5CF699CD28D7743700A21D80 /* TaskCell.swift */; };
/* End PBXBuildFile section */

/* Begin PBXFileReference section */
		5CB3EDD828E096BC000D4E79 /* ListViewController.swift */ = {isa = PBXFileReference; fileEncoding = 4; lastKnownFileType = sourcecode.swift; path = ListViewController.swift; sourceTree = "<group>"; };
		5CB3EDD928E096BC000D4E79 /* AddNewTaskViewController.swift */ = {isa = PBXFileReference; fileEncoding = 4; lastKnownFileType = sourcecode.swift; path = AddNewTaskViewController.swift; sourceTree = "<group>"; };
		5CB3EDDC28E096C9000D4E79 /* TaskModel.swift */ = {isa = PBXFileReference; fileEncoding = 4; lastKnownFileType = sourcecode.swift; path = TaskModel.swift; sourceTree = "<group>"; };
		5CB3EDDE28E096D3000D4E79 /* TodoListViewModel.swift */ = {isa = PBXFileReference; fileEncoding = 4; lastKnownFileType = sourcecode.swift; path = TodoListViewModel.swift; sourceTree = "<group>"; };
		5CF699AE28D773A600A21D80 /* seminar-1-assignment.app */ = {isa = PBXFileReference; explicitFileType = wrapper.application; includeInIndex = 0; path = "seminar-1-assignment.app"; sourceTree = BUILT_PRODUCTS_DIR; };
		5CF699B128D773A600A21D80 /* AppDelegate.swift */ = {isa = PBXFileReference; lastKnownFileType = sourcecode.swift; path = AppDelegate.swift; sourceTree = "<group>"; };
		5CF699B328D773A600A21D80 /* SceneDelegate.swift */ = {isa = PBXFileReference; lastKnownFileType = sourcecode.swift; path = SceneDelegate.swift; sourceTree = "<group>"; };
		5CF699B828D773A600A21D80 /* Base */ = {isa = PBXFileReference; lastKnownFileType = file.storyboard; name = Base; path = Base.lproj/Main.storyboard; sourceTree = "<group>"; };
		5CF699BA28D773A800A21D80 /* Assets.xcassets */ = {isa = PBXFileReference; lastKnownFileType = folder.assetcatalog; path = Assets.xcassets; sourceTree = "<group>"; };
		5CF699BD28D773A800A21D80 /* Base */ = {isa = PBXFileReference; lastKnownFileType = file.storyboard; name = Base; path = Base.lproj/LaunchScreen.storyboard; sourceTree = "<group>"; };
		5CF699BF28D773A800A21D80 /* Info.plist */ = {isa = PBXFileReference; lastKnownFileType = text.plist.xml; path = Info.plist; sourceTree = "<group>"; };
		5CF699CD28D7743700A21D80 /* TaskCell.swift */ = {isa = PBXFileReference; lastKnownFileType = sourcecode.swift; path = TaskCell.swift; sourceTree = "<group>"; };
/* End PBXFileReference section */

/* Begin PBXFrameworksBuildPhase section */
		5CF699AB28D773A600A21D80 /* Frameworks */ = {
			isa = PBXFrameworksBuildPhase;
			buildActionMask = 2147483647;
			files = (
			);
			runOnlyForDeploymentPostprocessing = 0;
		};
/* End PBXFrameworksBuildPhase section */

/* Begin PBXGroup section */
		5CF699A528D773A600A21D80 = {
			isa = PBXGroup;
			children = (
				5CF699B028D773A600A21D80 /* seminar-1-assignment */,
				5CF699AF28D773A600A21D80 /* Products */,
			);
			sourceTree = "<group>";
		};
		5CF699AF28D773A600A21D80 /* Products */ = {
			isa = PBXGroup;
			children = (
				5CF699AE28D773A600A21D80 /* seminar-1-assignment.app */,
			);
			name = Products;
			sourceTree = "<group>";
		};
		5CF699B028D773A600A21D80 /* seminar-1-assignment */ = {
			isa = PBXGroup;
			children = (
				5CF699CD28D7743700A21D80 /* TaskCell.swift */,
				5CF699B128D773A600A21D80 /* AppDelegate.swift */,
				5CF699B328D773A600A21D80 /* SceneDelegate.swift */,
				5CF699B728D773A600A21D80 /* Main.storyboard */,
				5CF699BA28D773A800A21D80 /* Assets.xcassets */,
				5CF699BC28D773A800A21D80 /* LaunchScreen.storyboard */,
				5CF699BF28D773A800A21D80 /* Info.plist */,
				5CF699D128D7749900A21D80 /* View */,
				5CF699D028D7749200A21D80 /* Model */,
				5CF699CF28D7748A00A21D80 /* ViewModel */,
			);
			path = "seminar-1-assignment";
			sourceTree = "<group>";
		};
		5CF699CF28D7748A00A21D80 /* ViewModel */ = {
			isa = PBXGroup;
			children = (
				5CB3EDDE28E096D3000D4E79 /* TodoListViewModel.swift */,
			);
			path = ViewModel;
			sourceTree = "<group>";
		};
		5CF699D028D7749200A21D80 /* Model */ = {
			isa = PBXGroup;
			children = (
				5CB3EDDC28E096C9000D4E79 /* TaskModel.swift */,
			);
			path = Model;
			sourceTree = "<group>";
		};
		5CF699D128D7749900A21D80 /* View */ = {
			isa = PBXGroup;
			children = (
				5CB3EDD928E096BC000D4E79 /* AddNewTaskViewController.swift */,
				5CB3EDD828E096BC000D4E79 /* ListViewController.swift */,
			);
			path = View;
			sourceTree = "<group>";
		};
/* End PBXGroup section */

/* Begin PBXNativeTarget section */
		5CF699AD28D773A600A21D80 /* seminar-1-assignment */ = {
			isa = PBXNativeTarget;
			buildConfigurationList = 5CF699C228D773A800A21D80 /* Build configuration list for PBXNativeTarget "seminar-1-assignment" */;
			buildPhases = (
				5CF699AA28D773A600A21D80 /* Sources */,
				5CF699AB28D773A600A21D80 /* Frameworks */,
				5CF699AC28D773A600A21D80 /* Resources */,
			);
			buildRules = (
			);
			dependencies = (
			);
			name = "seminar-1-assignment";
			productName = "seminar-1-ios-version2";
			productReference = 5CF699AE28D773A600A21D80 /* seminar-1-assignment.app */;
			productType = "com.apple.product-type.application";
		};
/* End PBXNativeTarget section */

/* Begin PBXProject section */
		5CF699A628D773A600A21D80 /* Project object */ = {
			isa = PBXProject;
			attributes = {
				BuildIndependentTargetsInParallel = 1;
				LastSwiftUpdateCheck = 1340;
				LastUpgradeCheck = 1340;
				TargetAttributes = {
					5CF699AD28D773A600A21D80 = {
						CreatedOnToolsVersion = 13.4.1;
					};
				};
			};
			buildConfigurationList = 5CF699A928D773A600A21D80 /* Build configuration list for PBXProject "seminar-1-assignment" */;
			compatibilityVersion = "Xcode 13.0";
			developmentRegion = en;
			hasScannedForEncodings = 0;
			knownRegions = (
				en,
				Base,
			);
			mainGroup = 5CF699A528D773A600A21D80;
			productRefGroup = 5CF699AF28D773A600A21D80 /* Products */;
			projectDirPath = "";
			projectRoot = "";
			targets = (
				5CF699AD28D773A600A21D80 /* seminar-1-assignment */,
			);
		};
/* End PBXProject section */

/* Begin PBXResourcesBuildPhase section */
		5CF699AC28D773A600A21D80 /* Resources */ = {
			isa = PBXResourcesBuildPhase;
			buildActionMask = 2147483647;
			files = (
				5CF699BE28D773A800A21D80 /* LaunchScreen.storyboard in Resources */,
				5CF699BB28D773A800A21D80 /* Assets.xcassets in Resources */,
				5CF699B928D773A600A21D80 /* Main.storyboard in Resources */,
			);
			runOnlyForDeploymentPostprocessing = 0;
		};
/* End PBXResourcesBuildPhase section */

/* Begin PBXSourcesBuildPhase section */
		5CF699AA28D773A600A21D80 /* Sources */ = {
			isa = PBXSourcesBuildPhase;
			buildActionMask = 2147483647;
			files = (
				5CB3EDDF28E096D3000D4E79 /* TodoListViewModel.swift in Sources */,
				5CF699B228D773A600A21D80 /* AppDelegate.swift in Sources */,
				5CF699CE28D7743800A21D80 /* TaskCell.swift in Sources */,
				5CB3EDDA28E096BC000D4E79 /* ListViewController.swift in Sources */,
				5CB3EDDB28E096BC000D4E79 /* AddNewTaskViewController.swift in Sources */,
				5CB3EDDD28E096C9000D4E79 /* TaskModel.swift in Sources */,
				5CF699B428D773A600A21D80 /* SceneDelegate.swift in Sources */,
			);
			runOnlyForDeploymentPostprocessing = 0;
		};
/* End PBXSourcesBuildPhase section */

/* Begin PBXVariantGroup section */
		5CF699B728D773A600A21D80 /* Main.storyboard */ = {
			isa = PBXVariantGroup;
			children = (
				5CF699B828D773A600A21D80 /* Base */,
			);
			name = Main.storyboard;
			sourceTree = "<group>";
		};
		5CF699BC28D773A800A21D80 /* LaunchScreen.storyboard */ = {
			isa = PBXVariantGroup;
			children = (
				5CF699BD28D773A800A21D80 /* Base */,
			);
			name = LaunchScreen.storyboard;
			sourceTree = "<group>";
		};
/* End PBXVariantGroup section */

/* Begin XCBuildConfiguration section */
		5CF699C028D773A800A21D80 /* Debug */ = {
			isa = XCBuildConfiguration;
			buildSettings = {
				ALWAYS_SEARCH_USER_PATHS = NO;
				CLANG_ANALYZER_NONNULL = YES;
				CLANG_ANALYZER_NUMBER_OBJECT_CONVERSION = YES_AGGRESSIVE;
				CLANG_CXX_LANGUAGE_STANDARD = "gnu++17";
				CLANG_ENABLE_MODULES = YES;
				CLANG_ENABLE_OBJC_ARC = YES;
				CLANG_ENABLE_OBJC_WEAK = YES;
				CLANG_WARN_BLOCK_CAPTURE_AUTORELEASING = YES;
				CLANG_WARN_BOOL_CONVERSION = YES;
				CLANG_WARN_COMMA = YES;
				CLANG_WARN_CONSTANT_CONVERSION = YES;
				CLANG_WARN_DEPRECATED_OBJC_IMPLEMENTATIONS = YES;
				CLANG_WARN_DIRECT_OBJC_ISA_USAGE = YES_ERROR;
				CLANG_WARN_DOCUMENTATION_COMMENTS = YES;
				CLANG_WARN_EMPTY_BODY = YES;
				CLANG_WARN_ENUM_CONVERSION = YES;
				CLANG_WARN_INFINITE_RECURSION = YES;
				CLANG_WARN_INT_CONVERSION = YES;
				CLANG_WARN_NON_LITERAL_NULL_CONVERSION = YES;
				CLANG_WARN_OBJC_IMPLICIT_RETAIN_SELF = YES;
				CLANG_WARN_OBJC_LITERAL_CONVERSION = YES;
				CLANG_WARN_OBJC_ROOT_CLASS = YES_ERROR;
				CLANG_WARN_QUOTED_INCLUDE_IN_FRAMEWORK_HEADER = YES;
				CLANG_WARN_RANGE_LOOP_ANALYSIS = YES;
				CLANG_WARN_STRICT_PROTOTYPES = YES;
				CLANG_WARN_SUSPICIOUS_MOVE = YES;
				CLANG_WARN_UNGUARDED_AVAILABILITY = YES_AGGRESSIVE;
				CLANG_WARN_UNREACHABLE_CODE = YES;
				CLANG_WARN__DUPLICATE_METHOD_MATCH = YES;
				COPY_PHASE_STRIP = NO;
				DEBUG_INFORMATION_FORMAT = dwarf;
				ENABLE_STRICT_OBJC_MSGSEND = YES;
				ENABLE_TESTABILITY = YES;
				GCC_C_LANGUAGE_STANDARD = gnu11;
				GCC_DYNAMIC_NO_PIC = NO;
				GCC_NO_COMMON_BLOCKS = YES;
				GCC_OPTIMIZATION_LEVEL = 0;
				GCC_PREPROCESSOR_DEFINITIONS = (
					"DEBUG=1",
					"$(inherited)",
				);
				GCC_WARN_64_TO_32_BIT_CONVERSION = YES;
				GCC_WARN_ABOUT_RETURN_TYPE = YES_ERROR;
				GCC_WARN_UNDECLARED_SELECTOR = YES;
				GCC_WARN_UNINITIALIZED_AUTOS = YES_AGGRESSIVE;
				GCC_WARN_UNUSED_FUNCTION = YES;
				GCC_WARN_UNUSED_VARIABLE = YES;
				IPHONEOS_DEPLOYMENT_TARGET = 15.5;
				MTL_ENABLE_DEBUG_INFO = INCLUDE_SOURCE;
				MTL_FAST_MATH = YES;
				ONLY_ACTIVE_ARCH = YES;
				SDKROOT = iphoneos;
				SWIFT_ACTIVE_COMPILATION_CONDITIONS = DEBUG;
				SWIFT_OPTIMIZATION_LEVEL = "-Onone";
			};
			name = Debug;
		};
		5CF699C128D773A800A21D80 /* Release */ = {
			isa = XCBuildConfiguration;
			buildSettings = {
				ALWAYS_SEARCH_USER_PATHS = NO;
				CLANG_ANALYZER_NONNULL = YES;
				CLANG_ANALYZER_NUMBER_OBJECT_CONVERSION = YES_AGGRESSIVE;
				CLANG_CXX_LANGUAGE_STANDARD = "gnu++17";
				CLANG_ENABLE_MODULES = YES;
				CLANG_ENABLE_OBJC_ARC = YES;
				CLANG_ENABLE_OBJC_WEAK = YES;
				CLANG_WARN_BLOCK_CAPTURE_AUTORELEASING = YES;
				CLANG_WARN_BOOL_CONVERSION = YES;
				CLANG_WARN_COMMA = YES;
				CLANG_WARN_CONSTANT_CONVERSION = YES;
				CLANG_WARN_DEPRECATED_OBJC_IMPLEMENTATIONS = YES;
				CLANG_WARN_DIRECT_OBJC_ISA_USAGE = YES_ERROR;
				CLANG_WARN_DOCUMENTATION_COMMENTS = YES;
				CLANG_WARN_EMPTY_BODY = YES;
				CLANG_WARN_ENUM_CONVERSION = YES;
				CLANG_WARN_INFINITE_RECURSION = YES;
				CLANG_WARN_INT_CONVERSION = YES;
				CLANG_WARN_NON_LITERAL_NULL_CONVERSION = YES;
				CLANG_WARN_OBJC_IMPLICIT_RETAIN_SELF = YES;
				CLANG_WARN_OBJC_LITERAL_CONVERSION = YES;
				CLANG_WARN_OBJC_ROOT_CLASS = YES_ERROR;
				CLANG_WARN_QUOTED_INCLUDE_IN_FRAMEWORK_HEADER = YES;
				CLANG_WARN_RANGE_LOOP_ANALYSIS = YES;
				CLANG_WARN_STRICT_PROTOTYPES = YES;
				CLANG_WARN_SUSPICIOUS_MOVE = YES;
				CLANG_WARN_UNGUARDED_AVAILABILITY = YES_AGGRESSIVE;
				CLANG_WARN_UNREACHABLE_CODE = YES;
				CLANG_WARN__DUPLICATE_METHOD_MATCH = YES;
				COPY_PHASE_STRIP = NO;
				DEBUG_INFORMATION_FORMAT = "dwarf-with-dsym";
				ENABLE_NS_ASSERTIONS = NO;
				ENABLE_STRICT_OBJC_MSGSEND = YES;
				GCC_C_LANGUAGE_STANDARD = gnu11;
				GCC_NO_COMMON_BLOCKS = YES;
				GCC_WARN_64_TO_32_BIT_CONVERSION = YES;
				GCC_WARN_ABOUT_RETURN_TYPE = YES_ERROR;
				GCC_WARN_UNDECLARED_SELECTOR = YES;
				GCC_WARN_UNINITIALIZED_AUTOS = YES_AGGRESSIVE;
				GCC_WARN_UNUSED_FUNCTION = YES;
				GCC_WARN_UNUSED_VARIABLE = YES;
				IPHONEOS_DEPLOYMENT_TARGET = 15.5;
				MTL_ENABLE_DEBUG_INFO = NO;
				MTL_FAST_MATH = YES;
				SDKROOT = iphoneos;
				SWIFT_COMPILATION_MODE = wholemodule;
				SWIFT_OPTIMIZATION_LEVEL = "-O";
				VALIDATE_PRODUCT = YES;
			};
			name = Release;
		};
		5CF699C328D773A800A21D80 /* Debug */ = {
			isa = XCBuildConfiguration;
			buildSettings = {
				ASSETCATALOG_COMPILER_APPICON_NAME = AppIcon;
				ASSETCATALOG_COMPILER_GLOBAL_ACCENT_COLOR_NAME = AccentColor;
				CODE_SIGN_STYLE = Automatic;
				CURRENT_PROJECT_VERSION = 1;
				DEVELOPMENT_TEAM = QTGVHKHLYT;
				GENERATE_INFOPLIST_FILE = YES;
				INFOPLIST_FILE = "seminar-1-assignment/Info.plist";
				INFOPLIST_KEY_CFBundleDisplayName = "seminar-1-assignment";
				INFOPLIST_KEY_UIApplicationSupportsIndirectInputEvents = YES;
				INFOPLIST_KEY_UILaunchStoryboardName = LaunchScreen;
				INFOPLIST_KEY_UISupportedInterfaceOrientations_iPad = "UIInterfaceOrientationPortrait UIInterfaceOrientationPortraitUpsideDown UIInterfaceOrientationLandscapeLeft UIInterfaceOrientationLandscapeRight";
				INFOPLIST_KEY_UISupportedInterfaceOrientations_iPhone = "UIInterfaceOrientationPortrait UIInterfaceOrientationLandscapeLeft UIInterfaceOrientationLandscapeRight";
				LD_RUNPATH_SEARCH_PATHS = (
					"$(inherited)",
					"@executable_path/Frameworks",
				);
				MARKETING_VERSION = 1.0;
				PRODUCT_BUNDLE_IDENTIFIER = "seminar-1-assignment";
				PRODUCT_NAME = "$(TARGET_NAME)";
				SWIFT_EMIT_LOC_STRINGS = YES;
				SWIFT_VERSION = 5.0;
				TARGETED_DEVICE_FAMILY = "1,2";
			};
			name = Debug;
		};
		5CF699C428D773A800A21D80 /* Release */ = {
			isa = XCBuildConfiguration;
			buildSettings = {
				ASSETCATALOG_COMPILER_APPICON_NAME = AppIcon;
				ASSETCATALOG_COMPILER_GLOBAL_ACCENT_COLOR_NAME = AccentColor;
				CODE_SIGN_STYLE = Automatic;
				CURRENT_PROJECT_VERSION = 1;
				DEVELOPMENT_TEAM = QTGVHKHLYT;
				GENERATE_INFOPLIST_FILE = YES;
				INFOPLIST_FILE = "seminar-1-assignment/Info.plist";
				INFOPLIST_KEY_CFBundleDisplayName = "seminar-1-assignment";
				INFOPLIST_KEY_UIApplicationSupportsIndirectInputEvents = YES;
				INFOPLIST_KEY_UILaunchStoryboardName = LaunchScreen;
				INFOPLIST_KEY_UISupportedInterfaceOrientations_iPad = "UIInterfaceOrientationPortrait UIInterfaceOrientationPortraitUpsideDown UIInterfaceOrientationLandscapeLeft UIInterfaceOrientationLandscapeRight";
				INFOPLIST_KEY_UISupportedInterfaceOrientations_iPhone = "UIInterfaceOrientationPortrait UIInterfaceOrientationLandscapeLeft UIInterfaceOrientationLandscapeRight";
				LD_RUNPATH_SEARCH_PATHS = (
					"$(inherited)",
					"@executable_path/Frameworks",
				);
				MARKETING_VERSION = 1.0;
				PRODUCT_BUNDLE_IDENTIFIER = "seminar-1-assignment";
				PRODUCT_NAME = "$(TARGET_NAME)";
				SWIFT_EMIT_LOC_STRINGS = YES;
				SWIFT_VERSION = 5.0;
				TARGETED_DEVICE_FAMILY = "1,2";
			};
			name = Release;
		};
/* End XCBuildConfiguration section */

/* Begin XCConfigurationList section */
		5CF699A928D773A600A21D80 /* Build configuration list for PBXProject "seminar-1-assignment" */ = {
			isa = XCConfigurationList;
			buildConfigurations = (
				5CF699C028D773A800A21D80 /* Debug */,
				5CF699C128D773A800A21D80 /* Release */,
			);
			defaultConfigurationIsVisible = 0;
			defaultConfigurationName = Release;
		};
		5CF699C228D773A800A21D80 /* Build configuration list for PBXNativeTarget "seminar-1-assignment" */ = {
			isa = XCConfigurationList;
			buildConfigurations = (
				5CF699C328D773A800A21D80 /* Debug */,
				5CF699C428D773A800A21D80 /* Release */,
			);
			defaultConfigurationIsVisible = 0;
			defaultConfigurationName = Release;
		};
/* End XCConfigurationList section */
	};
	rootObject = 5CF699A628D773A600A21D80 /* Project object */;
}
